
Microsoft Visual Studio Solution File, Format Version 12.00
# Visual Studio 15
VisualStudioVersion = 15.0.28307.102
MinimumVisualStudioVersion = 10.0.40219.1
Project("{FAE04EC0-301F-11D3-BF4B-00C04F79EFBC}") = "Train_System", "Train_System\Train_System.csproj", "{E78E011D-2432-4B94-95E4-C209E9992F0E}"
EndProject
Global
	GlobalSection(SolutionConfigurationPlatforms) = preSolution
		Debug|Any CPU = Debug|Any CPU
		Release|Any CPU = Release|Any CPU
	EndGlobalSection
	GlobalSection(ProjectConfigurationPlatforms) = postSolution
		{E78E011D-2432-4B94-95E4-C209E9992F0E}.Debug|Any CPU.ActiveCfg = Debug|Any CPU
		{E78E011D-2432-4B94-95E4-C209E9992F0E}.Debug|Any CPU.Build.0 = Debug|Any CPU
		{E78E011D-2432-4B94-95E4-C209E9992F0E}.Release|Any CPU.ActiveCfg = Release|Any CPU
		{E78E011D-2432-4B94-95E4-C209E9992F0E}.Release|Any CPU.Build.0 = Release|Any CPU
	EndGlobalSection
	GlobalSection(SolutionProperties) = preSolution
		HideSolutionNode = FALSE
	EndGlobalSection
	GlobalSection(ExtensibilityGlobals) = postSolution
		SolutionGuid = {EEF625A2-89AC-4572-AF58-21FAD5D3C09F}
	EndGlobalSection
EndGlobal
